
Microsoft Visual Studio Solution File, Format Version 12.00
# Visual Studio Version 16
VisualStudioVersion = 16.0.31410.357
MinimumVisualStudioVersion = 10.0.40219.1
Project("{9A19103F-16F7-4668-BE54-9A1E7A4F7556}") = "Crisp-CSV-ETL", "Crisp-CSV-ETL\Crisp-CSV-ETL.csproj", "{9342227F-827E-4243-88B2-CC7718C589AD}"
EndProject
Project("{9A19103F-16F7-4668-BE54-9A1E7A4F7556}") = "Crisp-CSV-ETL.Tests", "Crisp-CSV-ETL.Tests\Crisp-CSV-ETL.Tests.csproj", "{59316A5C-55DA-4014-BB64-90230E9AC954}"
EndProject
Project("{FAE04EC0-301F-11D3-BF4B-00C04F79EFBC}") = "Crisp-CSV-ETL-Runner", "Crisp-CSV-ETL-Runner\Crisp-CSV-ETL-Runner.csproj", "{8FA476CF-550B-4512-93CB-E6390A32C6DC}"
EndProject
Global
	GlobalSection(SolutionConfigurationPlatforms) = preSolution
		Debug|Any CPU = Debug|Any CPU
		Release|Any CPU = Release|Any CPU
	EndGlobalSection
	GlobalSection(ProjectConfigurationPlatforms) = postSolution
		{9342227F-827E-4243-88B2-CC7718C589AD}.Debug|Any CPU.ActiveCfg = Debug|Any CPU
		{9342227F-827E-4243-88B2-CC7718C589AD}.Debug|Any CPU.Build.0 = Debug|Any CPU
		{9342227F-827E-4243-88B2-CC7718C589AD}.Release|Any CPU.ActiveCfg = Release|Any CPU
		{9342227F-827E-4243-88B2-CC7718C589AD}.Release|Any CPU.Build.0 = Release|Any CPU
		{59316A5C-55DA-4014-BB64-90230E9AC954}.Debug|Any CPU.ActiveCfg = Debug|Any CPU
		{59316A5C-55DA-4014-BB64-90230E9AC954}.Debug|Any CPU.Build.0 = Debug|Any CPU
		{59316A5C-55DA-4014-BB64-90230E9AC954}.Release|Any CPU.ActiveCfg = Release|Any CPU
		{59316A5C-55DA-4014-BB64-90230E9AC954}.Release|Any CPU.Build.0 = Release|Any CPU
		{8FA476CF-550B-4512-93CB-E6390A32C6DC}.Debug|Any CPU.ActiveCfg = Debug|Any CPU
		{8FA476CF-550B-4512-93CB-E6390A32C6DC}.Debug|Any CPU.Build.0 = Debug|Any CPU
		{8FA476CF-550B-4512-93CB-E6390A32C6DC}.Release|Any CPU.ActiveCfg = Release|Any CPU
		{8FA476CF-550B-4512-93CB-E6390A32C6DC}.Release|Any CPU.Build.0 = Release|Any CPU
	EndGlobalSection
	GlobalSection(SolutionProperties) = preSolution
		HideSolutionNode = FALSE
	EndGlobalSection
	GlobalSection(ExtensibilityGlobals) = postSolution
		SolutionGuid = {A788096A-65B7-48D2-A9B4-15D9978351E4}
	EndGlobalSection
EndGlobal
